Microsoft Visual Studio Solution File, Format Version 12.00
# Visual Studio Version 17
VisualStudioVersion = 17.5.2.0
MinimumVisualStudioVersion = 10.0.40219.1
Project("{FAE04EC0-301F-11D3-BF4B-00C04F79EFBC}") = "ALOS", "ALOS.csproj", "{1804AFFF-7767-6A35-AEBF-29331B833687}"
EndProject
Global
	GlobalSection(SolutionConfigurationPlatforms) = preSolution
		Debug|Any CPU = Debug|Any CPU
		Release|Any CPU = Release|Any CPU
	EndGlobalSection
	GlobalSection(ProjectConfigurationPlatforms) = postSolution
		{1804AFFF-7767-6A35-AEBF-29331B833687}.Debug|Any CPU.ActiveCfg = Debug|Any CPU
		{1804AFFF-7767-6A35-AEBF-29331B833687}.Debug|Any CPU.Build.0 = Debug|Any CPU
		{1804AFFF-7767-6A35-AEBF-29331B833687}.Release|Any CPU.ActiveCfg = Release|Any CPU
		{1804AFFF-7767-6A35-AEBF-29331B833687}.Release|Any CPU.Build.0 = Release|Any CPU
	EndGlobalSection
	GlobalSection(SolutionProperties) = preSolution
		HideSolutionNode = FALSE
	EndGlobalSection
	GlobalSection(ExtensibilityGlobals) = postSolution
		SolutionGuid = {0872D6B9-AB9E-445B-B194-D45F775E6775}
	EndGlobalSection
EndGlobal
